
Microsoft Visual Studio Solution File, Format Version 12.00
# Visual Studio Version 16
VisualStudioVersion = 16.0.30907.101
MinimumVisualStudioVersion = 10.0.40219.1
Project("{9A19103F-16F7-4668-BE54-9A1E7A4F7556}") = "Core", "Core.csproj", "{58F3BEDD-7BC7-4BDA-A2F8-BEE085426959}"
EndProject
Global
	GlobalSection(SolutionConfigurationPlatforms) = preSolution
		Debug|Any CPU = Debug|Any CPU
		Release|Any CPU = Release|Any CPU
	EndGlobalSection
	GlobalSection(ProjectConfigurationPlatforms) = postSolution
		{58F3BEDD-7BC7-4BDA-A2F8-BEE085426959}.Debug|Any CPU.ActiveCfg = Debug|Any CPU
		{58F3BEDD-7BC7-4BDA-A2F8-BEE085426959}.Debug|Any CPU.Build.0 = Debug|Any CPU
		{58F3BEDD-7BC7-4BDA-A2F8-BEE085426959}.Release|Any CPU.ActiveCfg = Release|Any CPU
		{58F3BEDD-7BC7-4BDA-A2F8-BEE085426959}.Release|Any CPU.Build.0 = Release|Any CPU
	EndGlobalSection
	GlobalSection(SolutionProperties) = preSolution
		HideSolutionNode = FALSE
	EndGlobalSection
	GlobalSection(ExtensibilityGlobals) = postSolution
		SolutionGuid = {EAE87EAB-B13C-401F-8AD9-99DB63F0B305}
	EndGlobalSection
EndGlobal
